[root]
name = "fd_test"
version = "0.1.0"
dependencies = [
 "hopper 0.3.1 (registry+https://github.com/rust-lang/crates.io-index)",
 "lazy_static 0.2.8 (registry+https://github.com/rust-lang/crates.io-index)",
]

[[package]]
name = "bincode"
version = "0.8.0"
source = "registry+https://github.com/rust-lang/crates.io-index"
dependencies = [
 "byteorder 1.1.0 (registry+https://github.com/rust-lang/crates.io-index)",
 "num-traits 0.1.40 (registry+https://github.com/rust-lang/crates.io-index)",
 "serde 1.0.12 (registry+https://github.com/rust-lang/crates.io-index)",
]

[[package]]
name = "byteorder"
version = "1.1.0"
source = "registry+https://github.com/rust-lang/crates.io-index"

[[package]]
name = "hopper"
version = "0.3.1"
source = "registry+https://github.com/rust-lang/crates.io-index"
dependencies = [
 "bincode 0.8.0 (registry+https://github.com/rust-lang/crates.io-index)",
 "serde 1.0.12 (registry+https://github.com/rust-lang/crates.io-index)",
]

[[package]]
name = "lazy_static"
version = "0.2.8"
source = "registry+https://github.com/rust-lang/crates.io-index"

[[package]]
name = "num-traits"
version = "0.1.40"
source = "registry+https://github.com/rust-lang/crates.io-index"

[[package]]
name = "serde"
version = "1.0.12"
source = "registry+https://github.com/rust-lang/crates.io-index"

[metadata]
"checksum bincode 0.8.0 (registry+https://github.com/rust-lang/crates.io-index)" = "e103c8b299b28a9c6990458b7013dc4a8356a9b854c51b9883241f5866fac36e"
"checksum byteorder 1.1.0 (registry+https://github.com/rust-lang/crates.io-index)" = "ff81738b726f5d099632ceaffe7fb65b90212e8dce59d518729e7e8634032d3d"
"checksum hopper 0.3.1 (registry+https://github.com/rust-lang/crates.io-index)" = "f9ff59075491d3cf38ab94dce55294896478a3b73439d341371bd62950c88572"
"checksum lazy_static 0.2.8 (registry+https://github.com/rust-lang/crates.io-index)" = "3b37545ab726dd833ec6420aaba8231c5b320814b9029ad585555d2a03e94fbf"
"checksum num-traits 0.1.40 (registry+https://github.com/rust-lang/crates.io-index)" = "99843c856d68d8b4313b03a17e33c4bb42ae8f6610ea81b28abe076ac721b9b0"
"checksum serde 1.0.12 (registry+https://github.com/rust-lang/crates.io-index)" = "7f61b753dd58ec5d4c735f794dbddde1f28b977f652afbcde89d75bc77902216"
